// !$*UTF8*$!
{
	archiveVersion = 1;
	classes = {
	};
	objectVersion = 48;
	objects = {

/* Begin PBXBuildFile section */
		0F1D5C5D1FBABC93004C60C9 /* AppDelegate.m in Sources */ = {isa = PBXBuildFile; fileRef = 0F1D5C5C1FBABC93004C60C9 /* AppDelegate.m */; };
		0F1D5C601FBABC93004C60C9 /* ViewController.m in Sources */ = {isa = PBXBuildFile; fileRef = 0F1D5C5F1FBABC93004C60C9 /* ViewController.m */; };
		0F1D5C631FBABC93004C60C9 /* Main.storyboard in Resources */ = {isa = PBXBuildFile; fileRef = 0F1D5C611FBABC93004C60C9 /* Main.storyboard */; };
		0F1D5C651FBABC93004C60C9 /* Assets.xcassets in Resources */ = {isa = PBXBuildFile; fileRef = 0F1D5C641FBABC93004C60C9 /* Assets.xcassets */; };
		0F1D5C681FBABC93004C60C9 /* LaunchScreen.storyboard in Resources */ = {isa = PBXBuildFile; fileRef = 0F1D5C661FBABC93004C60C9 /* LaunchScreen.storyboard */; };
		0F1D5C6B1FBABC93004C60C9 /* main.m in Sources */ = {isa = PBXBuildFile; fileRef = 0F1D5C6A1FBABC93004C60C9 /* main.m */; };
		0F1D5C751FBABC94004C60C9 /* HBK_JianShuUserPageTests.m in Sources */ = {isa = PBXBuildFile; fileRef = 0F1D5C741FBABC94004C60C9 /* HBK_JianShuUserPageTests.m */; };
		0F1D5C801FBABC94004C60C9 /* HBK_JianShuUserPageUITests.m in Sources */ = {isa = PBXBuildFile; fileRef = 0F1D5C7F1FBABC94004C60C9 /* HBK_JianShuUserPageUITests.m */; };
		0F1D5CA91FBABDA9004C60C9 /* MASCompositeConstraint.m in Sources */ = {isa = PBXBuildFile; fileRef = 0F1D5C911FBABDA9004C60C9 /* MASCompositeConstraint.m */; };
		0F1D5CAA1FBABDA9004C60C9 /* MASConstraint.m in Sources */ = {isa = PBXBuildFile; fileRef = 0F1D5C941FBABDA9004C60C9 /* MASConstraint.m */; };
		0F1D5CAB1FBABDA9004C60C9 /* MASConstraintMaker.m in Sources */ = {isa = PBXBuildFile; fileRef = 0F1D5C961FBABDA9004C60C9 /* MASConstraintMaker.m */; };
		0F1D5CAC1FBABDA9004C60C9 /* MASLayoutConstraint.m in Sources */ = {isa = PBXBuildFile; fileRef = 0F1D5C981FBABDA9004C60C9 /* MASLayoutConstraint.m */; };
		0F1D5CAD1FBABDA9004C60C9 /* MASViewAttribute.m in Sources */ = {isa = PBXBuildFile; fileRef = 0F1D5C9C1FBABDA9004C60C9 /* MASViewAttribute.m */; };
		0F1D5CAE1FBABDA9004C60C9 /* MASViewConstraint.m in Sources */ = {isa = PBXBuildFile; fileRef = 0F1D5C9E1FBABDA9004C60C9 /* MASViewConstraint.m */; };
		0F1D5CAF1FBABDA9004C60C9 /* NSArray+MASAdditions.m in Sources */ = {isa = PBXBuildFile; fileRef = 0F1D5CA01FBABDA9004C60C9 /* NSArray+MASAdditions.m */; };
		0F1D5CB01FBABDA9004C60C9 /* NSLayoutConstraint+MASDebugAdditions.m in Sources */ = {isa = PBXBuildFile; fileRef = 0F1D5CA31FBABDA9004C60C9 /* NSLayoutConstraint+MASDebugAdditions.m */; };
		0F1D5CB11FBABDA9004C60C9 /* View+MASAdditions.m in Sources */ = {isa = PBXBuildFile; fileRef = 0F1D5CA51FBABDA9004C60C9 /* View+MASAdditions.m */; };
		0F1D5CB21FBABDA9004C60C9 /* ViewController+MASAdditions.m in Sources */ = {isa = PBXBuildFile; fileRef = 0F1D5CA81FBABDA9004C60C9 /* ViewController+MASAdditions.m */; };
		0F1D5CB61FBABDC8004C60C9 /* HBK_NavigationBar.m in Sources */ = {isa = PBXBuildFile; fileRef = 0F1D5CB51FBABDC8004C60C9 /* HBK_NavigationBar.m */; };
		0F1D5CB91FBABDE3004C60C9 /* UIView+Extension.m in Sources */ = {isa = PBXBuildFile; fileRef = 0F1D5CB71FBABDE3004C60C9 /* UIView+Extension.m */; };
		0FCD27751FBAC03E005F3A81 /* HBK_ScrollView.m in Sources */ = {isa = PBXBuildFile; fileRef = 0FCD27741FBAC03E005F3A81 /* HBK_ScrollView.m */; };
		0FCD27781FBAC0A2005F3A81 /* HBK_UserPageViewController.m in Sources */ = {isa = PBXBuildFile; fileRef = 0FCD27771FBAC0A2005F3A81 /* HBK_UserPageViewController.m */; };
		0FCD277B1FBAC207005F3A81 /* HBK_SliderTitleView.m in Sources */ = {isa = PBXBuildFile; fileRef = 0FCD277A1FBAC207005F3A81 /* HBK_SliderTitleView.m */; };
/* End PBXBuildFile section */

/* Begin PBXContainerItemProxy section */
		0F1D5C711FBABC93004C60C9 /* PBXContainerItemProxy */ = {
			isa = PBXContainerItemProxy;
			containerPortal = 0F1D5C501FBABC93004C60C9 /* Project object */;
			proxyType = 1;
			remoteGlobalIDString = 0F1D5C571FBABC93004C60C9;
			remoteInfo = HBK_JianShuUserPage;
		};
		0F1D5C7C1FBABC94004C60C9 /* PBXContainerItemProxy */ = {
			isa = PBXContainerItemProxy;
			containerPortal = 0F1D5C501FBABC93004C60C9 /* Project object */;
			proxyType = 1;
			remoteGlobalIDString = 0F1D5C571FBABC93004C60C9;
			remoteInfo = HBK_JianShuUserPage;
		};
/* End PBXContainerItemProxy section */

/* Begin PBXFileReference section */
		0F1D5C581FBABC93004C60C9 /* HBK_JianShuUserPage.app */ = {isa = PBXFileReference; explicitFileType = wrapper.application; includeInIndex = 0; path = HBK_JianShuUserPage.app; sourceTree = BUILT_PRODUCTS_DIR; };
		0F1D5C5B1FBABC93004C60C9 /* AppDelegate.h */ = {isa = PBXFileReference; lastKnownFileType = sourcecode.c.h; path = AppDelegate.h; sourceTree = "<group>"; };
		0F1D5C5C1FBABC93004C60C9 /* AppDelegate.m */ = {isa = PBXFileReference; lastKnownFileType = sourcecode.c.objc; path = AppDelegate.m; sourceTree = "<group>"; };
		0F1D5C5E1FBABC93004C60C9 /* ViewController.h */ = {isa = PBXFileReference; lastKnownFileType = sourcecode.c.h; path = ViewController.h; sourceTree = "<group>"; };
		0F1D5C5F1FBABC93004C60C9 /* ViewController.m */ = {isa = PBXFileReference; lastKnownFileType = sourcecode.c.objc; path = ViewController.m; sourceTree = "<group>"; };
		0F1D5C621FBABC93004C60C9 /* Base */ = {isa = PBXFileReference; lastKnownFileType = file.storyboard; name = Base; path = Base.lproj/Main.storyboard; sourceTree = "<group>"; };
		0F1D5C641FBABC93004C60C9 /* Assets.xcassets */ = {isa = PBXFileReference; lastKnownFileType = folder.assetcatalog; path = Assets.xcassets; sourceTree = "<group>"; };
		0F1D5C671FBABC93004C60C9 /* Base */ = {isa = PBXFileReference; lastKnownFileType = file.storyboard; name = Base; path = Base.lproj/LaunchScreen.storyboard; sourceTree = "<group>"; };
		0F1D5C691FBABC93004C60C9 /* Info.plist */ = {isa = PBXFileReference; lastKnownFileType = text.plist.xml; path = Info.plist; sourceTree = "<group>"; };
		0F1D5C6A1FBABC93004C60C9 /* main.m */ = {isa = PBXFileReference; lastKnownFileType = sourcecode.c.objc; path = main.m; sourceTree = "<group>"; };
		0F1D5C701FBABC93004C60C9 /* HBK_JianShuUserPageTests.xctest */ = {isa = PBXFileReference; explicitFileType = wrapper.cfbundle; includeInIndex = 0; path = HBK_JianShuUserPageTests.xctest; sourceTree = BUILT_PRODUCTS_DIR; };
		0F1D5C741FBABC94004C60C9 /* HBK_JianShuUserPageTests.m */ = {isa = PBXFileReference; lastKnownFileType = sourcecode.c.objc; path = HBK_JianShuUserPageTests.m; sourceTree = "<group>"; };
		0F1D5C761FBABC94004C60C9 /* Info.plist */ = {isa = PBXFileReference; lastKnownFileType = text.plist.xml; path = Info.plist; sourceTree = "<group>"; };
		0F1D5C7B1FBABC94004C60C9 /* HBK_JianShuUserPageUITests.xctest */ = {isa = PBXFileReference; explicitFileType = wrapper.cfbundle; includeInIndex = 0; path = HBK_JianShuUserPageUITests.xctest; sourceTree = BUILT_PRODUCTS_DIR; };
		0F1D5C7F1FBABC94004C60C9 /* HBK_JianShuUserPageUITests.m */ = {isa = PBXFileReference; lastKnownFileType = sourcecode.c.objc; path = HBK_JianShuUserPageUITests.m; sourceTree = "<group>"; };
		0F1D5C811FBABC94004C60C9 /* Info.plist */ = {isa = PBXFileReference; lastKnownFileType = text.plist.xml; path = Info.plist; sourceTree = "<group>"; };
		0F1D5C901FBABDA9004C60C9 /* MASCompositeConstraint.h */ = {isa = PBXFileReference; fileEncoding = 4; lastKnownFileType = sourcecode.c.h; path = MASCompositeConstraint.h; sourceTree = "<group>"; };
		0F1D5C911FBABDA9004C60C9 /* MASCompositeConstraint.m */ = {isa = PBXFileReference; fileEncoding = 4; lastKnownFileType = sourcecode.c.objc; path = MASCompositeConstraint.m; sourceTree = "<group>"; };
		0F1D5C921FBABDA9004C60C9 /* MASConstraint+Private.h */ = {isa = PBXFileReference; fileEncoding = 4; lastKnownFileType = sourcecode.c.h; path = "MASConstraint+Private.h"; sourceTree = "<group>"; };
		0F1D5C931FBABDA9004C60C9 /* MASConstraint.h */ = {isa = PBXFileReference; fileEncoding = 4; lastKnownFileType = sourcecode.c.h; path = MASConstraint.h; sourceTree = "<group>"; };
		0F1D5C941FBABDA9004C60C9 /* MASConstraint.m */ = {isa = PBXFileReference; fileEncoding = 4; lastKnownFileType = sourcecode.c.objc; path = MASConstraint.m; sourceTree = "<group>"; };
		0F1D5C951FBABDA9004C60C9 /* MASConstraintMaker.h */ = {isa = PBXFileReference; fileEncoding = 4; lastKnownFileType = sourcecode.c.h; path = MASConstraintMaker.h; sourceTree = "<group>"; };
		0F1D5C961FBABDA9004C60C9 /* MASConstraintMaker.m */ = {isa = PBXFileReference; fileEncoding = 4; lastKnownFileType = sourcecode.c.objc; path = MASConstraintMaker.m; sourceTree = "<group>"; };
		0F1D5C971FBABDA9004C60C9 /* MASLayoutConstraint.h */ = {isa = PBXFileReference; fileEncoding = 4; lastKnownFileType = sourcecode.c.h; path = MASLayoutConstraint.h; sourceTree = "<group>"; };
		0F1D5C981FBABDA9004C60C9 /* MASLayoutConstraint.m */ = {isa = PBXFileReference; fileEncoding = 4; lastKnownFileType = sourcecode.c.objc; path = MASLayoutConstraint.m; sourceTree = "<group>"; };
		0F1D5C991FBABDA9004C60C9 /* Masonry.h */ = {isa = PBXFileReference; fileEncoding = 4; lastKnownFileType = sourcecode.c.h; path = Masonry.h; sourceTree = "<group>"; };
		0F1D5C9A1FBABDA9004C60C9 /* MASUtilities.h */ = {isa = PBXFileReference; fileEncoding = 4; lastKnownFileType = sourcecode.c.h; path = MASUtilities.h; sourceTree = "<group>"; };
		0F1D5C9B1FBABDA9004C60C9 /* MASViewAttribute.h */ = {isa = PBXFileReference; fileEncoding = 4; lastKnownFileType = sourcecode.c.h; path = MASViewAttribute.h; sourceTree = "<group>"; };
		0F1D5C9C1FBABDA9004C60C9 /* MASViewAttribute.m */ = {isa = PBXFileReference; fileEncoding = 4; lastKnownFileType = sourcecode.c.objc; path = MASViewAttribute.m; sourceTree = "<group>"; };
		0F1D5C9D1FBABDA9004C60C9 /* MASViewConstraint.h */ = {isa = PBXFileReference; fileEncoding = 4; lastKnownFileType = sourcecode.c.h; path = MASViewConstraint.h; sourceTree = "<group>"; };
		0F1D5C9E1FBABDA9004C60C9 /* MASViewConstraint.m */ = {isa = PBXFileReference; fileEncoding = 4; lastKnownFileType = sourcecode.c.objc; path = MASViewConstraint.m; sourceTree = "<group>"; };
		0F1D5C9F1FBABDA9004C60C9 /* NSArray+MASAdditions.h */ = {isa = PBXFileReference; fileEncoding = 4; lastKnownFileType = sourcecode.c.h; path = "NSArray+MASAdditions.h"; sourceTree = "<group>"; };
		0F1D5CA01FBABDA9004C60C9 /* NSArray+MASAdditions.m */ = {isa = PBXFileReference; fileEncoding = 4; lastKnownFileType = sourcecode.c.objc; path = "NSArray+MASAdditions.m"; sourceTree = "<group>"; };
		0F1D5CA11FBABDA9004C60C9 /* NSArray+MASShorthandAdditions.h */ = {isa = PBXFileReference; fileEncoding = 4; lastKnownFileType = sourcecode.c.h; path = "NSArray+MASShorthandAdditions.h"; sourceTree = "<group>"; };
		0F1D5CA21FBABDA9004C60C9 /* NSLayoutConstraint+MASDebugAdditions.h */ = {isa = PBXFileReference; fileEncoding = 4; lastKnownFileType = sourcecode.c.h; path = "NSLayoutConstraint+MASDebugAdditions.h"; sourceTree = "<group>"; };
		0F1D5CA31FBABDA9004C60C9 /* NSLayoutConstraint+MASDebugAdditions.m */ = {isa = PBXFileReference; fileEncoding = 4; lastKnownFileType = sourcecode.c.objc; path = "NSLayoutConstraint+MASDebugAdditions.m"; sourceTree = "<group>"; };
		0F1D5CA41FBABDA9004C60C9 /* View+MASAdditions.h */ = {isa = PBXFileReference; fileEncoding = 4; lastKnownFileType = sourcecode.c.h; path = "View+MASAdditions.h"; sourceTree = "<group>"; };
		0F1D5CA51FBABDA9004C60C9 /* View+MASAdditions.m */ = {isa = PBXFileReference; fileEncoding = 4; lastKnownFileType = sourcecode.c.objc; path = "View+MASAdditions.m"; sourceTree = "<group>"; };
		0F1D5CA61FBABDA9004C60C9 /* View+MASShorthandAdditions.h */ = {isa = PBXFileReference; fileEncoding = 4; lastKnownFileType = sourcecode.c.h; path = "View+MASShorthandAdditions.h"; sourceTree = "<group>"; };
		0F1D5CA71FBABDA9004C60C9 /* ViewController+MASAdditions.h */ = {isa = PBXFileReference; fileEncoding = 4; lastKnownFileType = sourcecode.c.h; path = "ViewController+MASAdditions.h"; sourceTree = "<group>"; };
		0F1D5CA81FBABDA9004C60C9 /* ViewController+MASAdditions.m */ = {isa = PBXFileReference; fileEncoding = 4; lastKnownFileType = sourcecode.c.objc; path = "ViewController+MASAdditions.m"; sourceTree = "<group>"; };
		0F1D5CB41FBABDC8004C60C9 /* HBK_NavigationBar.h */ = {isa = PBXFileReference; fileEncoding = 4; lastKnownFileType = sourcecode.c.h; path = HBK_NavigationBar.h; sourceTree = "<group>"; };
		0F1D5CB51FBABDC8004C60C9 /* HBK_NavigationBar.m */ = {isa = PBXFileReference; fileEncoding = 4; lastKnownFileType = sourcecode.c.objc; path = HBK_NavigationBar.m; sourceTree = "<group>"; };
		0F1D5CB71FBABDE3004C60C9 /* UIView+Extension.m */ = {isa = PBXFileReference; fileEncoding = 4; lastKnownFileType = sourcecode.c.objc; path = "UIView+Extension.m"; sourceTree = "<group>"; };
		0F1D5CB81FBABDE3004C60C9 /* UIView+Extension.h */ = {isa = PBXFileReference; fileEncoding = 4; lastKnownFileType = sourcecode.c.h; path = "UIView+Extension.h"; sourceTree = "<group>"; };
		0F1D5CBA1FBABE31004C60C9 /* PrefixHeader.pch */ = {isa = PBXFileReference; lastKnownFileType = sourcecode.c.h; path = PrefixHeader.pch; sourceTree = "<group>"; };
		0F1D5CBB1FBABE42004C60C9 /* Header.h */ = {isa = PBXFileReference; lastKnownFileType = sourcecode.c.h; path = Header.h; sourceTree = "<group>"; };
		0FCD27731FBAC03E005F3A81 /* HBK_ScrollView.h */ = {isa = PBXFileReference; lastKnownFileType = sourcecode.c.h; path = HBK_ScrollView.h; sourceTree = "<group>"; };
		0FCD27741FBAC03E005F3A81 /* HBK_ScrollView.m */ = {isa = PBXFileReference; lastKnownFileType = sourcecode.c.objc; path = HBK_ScrollView.m; sourceTree = "<group>"; };
		0FCD27761FBAC0A2005F3A81 /* HBK_UserPageViewController.h */ = {isa = PBXFileReference; lastKnownFileType = sourcecode.c.h; path = HBK_UserPageViewController.h; sourceTree = "<group>"; };
		0FCD27771FBAC0A2005F3A81 /* HBK_UserPageViewController.m */ = {isa = PBXFileReference; lastKnownFileType = sourcecode.c.objc; path = HBK_UserPageViewController.m; sourceTree = "<group>"; };
		0FCD27791FBAC207005F3A81 /* HBK_SliderTitleView.h */ = {isa = PBXFileReference; lastKnownFileType = sourcecode.c.h; path = HBK_SliderTitleView.h; sourceTree = "<group>"; };
		0FCD277A1FBAC207005F3A81 /* HBK_SliderTitleView.m */ = {isa = PBXFileReference; lastKnownFileType = sourcecode.c.objc; path = HBK_SliderTitleView.m; sourceTree = "<group>"; };
/* End PBXFileReference section */

/* Begin PBXFrameworksBuildPhase section */
		0F1D5C551FBABC93004C60C9 /* Frameworks */ = {
			isa = PBXFrameworksBuildPhase;
			buildActionMask = 2147483647;
			files = (
			);
			runOnlyForDeploymentPostprocessing = 0;
		};
		0F1D5C6D1FBABC93004C60C9 /* Frameworks */ = {
			isa = PBXFrameworksBuildPhase;
			buildActionMask = 2147483647;
			files = (
			);
			runOnlyForDeploymentPostprocessing = 0;
		};
		0F1D5C781FBABC94004C60C9 /* Frameworks */ = {
			isa = PBXFrameworksBuildPhase;
			buildActionMask = 2147483647;
			files = (
			);
			runOnlyForDeploymentPostprocessing = 0;
		};
/* End PBXFrameworksBuildPhase section */

/* Begin PBXGroup section */
		0F1D5C4F1FBABC93004C60C9 = {
			isa = PBXGroup;
			children = (
				0F1D5C5A1FBABC93004C60C9 /* HBK_JianShuUserPage */,
				0F1D5C731FBABC94004C60C9 /* HBK_JianShuUserPageTests */,
				0F1D5C7E1FBABC94004C60C9 /* HBK_JianShuUserPageUITests */,
				0F1D5C591FBABC93004C60C9 /* Products */,
			);
			sourceTree = "<group>";
		};
		0F1D5C591FBABC93004C60C9 /* Products */ = {
			isa = PBXGroup;
			children = (
				0F1D5C581FBABC93004C60C9 /* HBK_JianShuUserPage.app */,
				0F1D5C701FBABC93004C60C9 /* HBK_JianShuUserPageTests.xctest */,
				0F1D5C7B1FBABC94004C60C9 /* HBK_JianShuUserPageUITests.xctest */,
			);
			name = Products;
			sourceTree = "<group>";
		};
		0F1D5C5A1FBABC93004C60C9 /* HBK_JianShuUserPage */ = {
			isa = PBXGroup;
			children = (
				0F1D5C5B1FBABC93004C60C9 /* AppDelegate.h */,
				0F1D5C5C1FBABC93004C60C9 /* AppDelegate.m */,
				0F1D5C5E1FBABC93004C60C9 /* ViewController.h */,
				0F1D5C5F1FBABC93004C60C9 /* ViewController.m */,
				0F1D5C8E1FBABD5F004C60C9 /* BaseClass */,
				0F1D5C8D1FBABD38004C60C9 /* HBK_JianShu */,
				0F1D5C611FBABC93004C60C9 /* Main.storyboard */,
				0F1D5C641FBABC93004C60C9 /* Assets.xcassets */,
				0F1D5C661FBABC93004C60C9 /* LaunchScreen.storyboard */,
				0F1D5C691FBABC93004C60C9 /* Info.plist */,
				0F1D5C6A1FBABC93004C60C9 /* main.m */,
			);
			path = HBK_JianShuUserPage;
			sourceTree = "<group>";
		};
		0F1D5C731FBABC94004C60C9 /* HBK_JianShuUserPageTests */ = {
			isa = PBXGroup;
			children = (
				0F1D5C741FBABC94004C60C9 /* HBK_JianShuUserPageTests.m */,
				0F1D5C761FBABC94004C60C9 /* Info.plist */,
			);
			path = HBK_JianShuUserPageTests;
			sourceTree = "<group>";
		};
		0F1D5C7E1FBABC94004C60C9 /* HBK_JianShuUserPageUITests */ = {
			isa = PBXGroup;
			children = (
				0F1D5C7F1FBABC94004C60C9 /* HBK_JianShuUserPageUITests.m */,
				0F1D5C811FBABC94004C60C9 /* Info.plist */,
			);
			path = HBK_JianShuUserPageUITests;
			sourceTree = "<group>";
		};
		0F1D5C8D1FBABD38004C60C9 /* HBK_JianShu */ = {
			isa = PBXGroup;
			children = (
				0FCD27731FBAC03E005F3A81 /* HBK_ScrollView.h */,
				0FCD27741FBAC03E005F3A81 /* HBK_ScrollView.m */,
				0FCD27791FBAC207005F3A81 /* HBK_SliderTitleView.h */,
				0FCD277A1FBAC207005F3A81 /* HBK_SliderTitleView.m */,
				0FCD27761FBAC0A2005F3A81 /* HBK_UserPageViewController.h */,
				0FCD27771FBAC0A2005F3A81 /* HBK_UserPageViewController.m */,
			);
			path = HBK_JianShu;
			sourceTree = "<group>";
		};
		0F1D5C8E1FBABD5F004C60C9 /* BaseClass */ = {
			isa = PBXGroup;
			children = (
				0F1D5CBA1FBABE31004C60C9 /* PrefixHeader.pch */,
				0F1D5CBB1FBABE42004C60C9 /* Header.h */,
				0F1D5CB81FBABDE3004C60C9 /* UIView+Extension.h */,
				0F1D5CB71FBABDE3004C60C9 /* UIView+Extension.m */,
				0F1D5CB31FBABDC8004C60C9 /* HBK_NavigationBar */,
				0F1D5C8F1FBABDA9004C60C9 /* Masonry */,
			);
			path = BaseClass;
			sourceTree = "<group>";
		};
		0F1D5C8F1FBABDA9004C60C9 /* Masonry */ = {
			isa = PBXGroup;
			children = (
				0F1D5C901FBABDA9004C60C9 /* MASCompositeConstraint.h */,
				0F1D5C911FBABDA9004C60C9 /* MASCompositeConstraint.m */,
				0F1D5C921FBABDA9004C60C9 /* MASConstraint+Private.h */,
				0F1D5C931FBABDA9004C60C9 /* MASConstraint.h */,
				0F1D5C941FBABDA9004C60C9 /* MASConstraint.m */,
				0F1D5C951FBABDA9004C60C9 /* MASConstraintMaker.h */,
				0F1D5C961FBABDA9004C60C9 /* MASConstraintMaker.m */,
				0F1D5C971FBABDA9004C60C9 /* MASLayoutConstraint.h */,
				0F1D5C981FBABDA9004C60C9 /* MASLayoutConstraint.m */,
				0F1D5C991FBABDA9004C60C9 /* Masonry.h */,
				0F1D5C9A1FBABDA9004C60C9 /* MASUtilities.h */,
				0F1D5C9B1FBABDA9004C60C9 /* MASViewAttribute.h */,
				0F1D5C9C1FBABDA9004C60C9 /* MASViewAttribute.m */,
				0F1D5C9D1FBABDA9004C60C9 /* MASViewConstraint.h */,
				0F1D5C9E1FBABDA9004C60C9 /* MASViewConstraint.m */,
				0F1D5C9F1FBABDA9004C60C9 /* NSArray+MASAdditions.h */,
				0F1D5CA01FBABDA9004C60C9 /* NSArray+MASAdditions.m */,
				0F1D5CA11FBABDA9004C60C9 /* NSArray+MASShorthandAdditions.h */,
				0F1D5CA21FBABDA9004C60C9 /* NSLayoutConstraint+MASDebugAdditions.h */,
				0F1D5CA31FBABDA9004C60C9 /* NSLayoutConstraint+MASDebugAdditions.m */,
				0F1D5CA41FBABDA9004C60C9 /* View+MASAdditions.h */,
				0F1D5CA51FBABDA9004C60C9 /* View+MASAdditions.m */,
				0F1D5CA61FBABDA9004C60C9 /* View+MASShorthandAdditions.h */,
				0F1D5CA71FBABDA9004C60C9 /* ViewController+MASAdditions.h */,
				0F1D5CA81FBABDA9004C60C9 /* ViewController+MASAdditions.m */,
			);
			path = Masonry;
			sourceTree = "<group>";
		};
		0F1D5CB31FBABDC8004C60C9 /* HBK_NavigationBar */ = {
			isa = PBXGroup;
			children = (
				0F1D5CB41FBABDC8004C60C9 /* HBK_NavigationBar.h */,
				0F1D5CB51FBABDC8004C60C9 /* HBK_NavigationBar.m */,
			);
			path = HBK_NavigationBar;
			sourceTree = "<group>";
		};
/* End PBXGroup section */

/* Begin PBXNativeTarget section */
		0F1D5C571FBABC93004C60C9 /* HBK_JianShuUserPage */ = {
			isa = PBXNativeTarget;
			buildConfigurationList = 0F1D5C841FBABC94004C60C9 /* Build configuration list for PBXNativeTarget "HBK_JianShuUserPage" */;
			buildPhases = (
				0F1D5C541FBABC93004C60C9 /* Sources */,
				0F1D5C551FBABC93004C60C9 /* Frameworks */,
				0F1D5C561FBABC93004C60C9 /* Resources */,
			);
			buildRules = (
			);
			dependencies = (
			);
			name = HBK_JianShuUserPage;
			productName = HBK_JianShuUserPage;
			productReference = 0F1D5C581FBABC93004C60C9 /* HBK_JianShuUserPage.app */;
			productType = "com.apple.product-type.application";
		};
		0F1D5C6F1FBABC93004C60C9 /* HBK_JianShuUserPageTests */ = {
			isa = PBXNativeTarget;
			buildConfigurationList = 0F1D5C871FBABC94004C60C9 /* Build configuration list for PBXNativeTarget "HBK_JianShuUserPageTests" */;
			buildPhases = (
				0F1D5C6C1FBABC93004C60C9 /* Sources */,
				0F1D5C6D1FBABC93004C60C9 /* Frameworks */,
				0F1D5C6E1FBABC93004C60C9 /* Resources */,
			);
			buildRules = (
			);
			dependencies = (
				0F1D5C721FBABC93004C60C9 /* PBXTargetDependency */,
			);
			name = HBK_JianShuUserPageTests;
			productName = HBK_JianShuUserPageTests;
			productReference = 0F1D5C701FBABC93004C60C9 /* HBK_JianShuUserPageTests.xctest */;
			productType = "com.apple.product-type.bundle.unit-test";
		};
		0F1D5C7A1FBABC94004C60C9 /* HBK_JianShuUserPageUITests */ = {
			isa = PBXNativeTarget;
			buildConfigurationList = 0F1D5C8A1FBABC94004C60C9 /* Build configuration list for PBXNativeTarget "HBK_JianShuUserPageUITests" */;
			buildPhases = (
				0F1D5C771FBABC94004C60C9 /* Sources */,
				0F1D5C781FBABC94004C60C9 /* Frameworks */,
				0F1D5C791FBABC94004C60C9 /* Resources */,
			);
			buildRules = (
			);
			dependencies = (
				0F1D5C7D1FBABC94004C60C9 /* PBXTargetDependency */,
			);
			name = HBK_JianShuUserPageUITests;
			productName = HBK_JianShuUserPageUITests;
			productReference = 0F1D5C7B1FBABC94004C60C9 /* HBK_JianShuUserPageUITests.xctest */;
			productType = "com.apple.product-type.bundle.ui-testing";
		};
/* End PBXNativeTarget section */

/* Begin PBXProject section */
		0F1D5C501FBABC93004C60C9 /* Project object */ = {
			isa = PBXProject;
			attributes = {
				LastUpgradeCheck = 0910;
				ORGANIZATIONNAME = "黄冰珂";
				TargetAttributes = {
					0F1D5C571FBABC93004C60C9 = {
						CreatedOnToolsVersion = 9.1;
						ProvisioningStyle = Automatic;
					};
					0F1D5C6F1FBABC93004C60C9 = {
						CreatedOnToolsVersion = 9.1;
						ProvisioningStyle = Automatic;
						TestTargetID = 0F1D5C571FBABC93004C60C9;
					};
					0F1D5C7A1FBABC94004C60C9 = {
						CreatedOnToolsVersion = 9.1;
						ProvisioningStyle = Automatic;
						TestTargetID = 0F1D5C571FBABC93004C60C9;
					};
				};
			};
			buildConfigurationList = 0F1D5C531FBABC93004C60C9 /* Build configuration list for PBXProject "HBK_JianShuUserPage" */;
			compatibilityVersion = "Xcode 8.0";
			developmentRegion = en;
			hasScannedForEncodings = 0;
			knownRegions = (
				en,
				Base,
			);
			mainGroup = 0F1D5C4F1FBABC93004C60C9;
			productRefGroup = 0F1D5C591FBABC93004C60C9 /* Products */;
			projectDirPath = "";
			projectRoot = "";
			targets = (
				0F1D5C571FBABC93004C60C9 /* HBK_JianShuUserPage */,
				0F1D5C6F1FBABC93004C60C9 /* HBK_JianShuUserPageTests */,
				0F1D5C7A1FBABC94004C60C9 /* HBK_JianShuUserPageUITests */,
			);
		};
/* End PBXProject section */

/* Begin PBXResourcesBuildPhase section */
		0F1D5C561FBABC93004C60C9 /* Resources */ = {
			isa = PBXResourcesBuildPhase;
			buildActionMask = 2147483647;
			files = (
				0F1D5C681FBABC93004C60C9 /* LaunchScreen.storyboard in Resources */,
				0F1D5C651FBABC93004C60C9 /* Assets.xcassets in Resources */,
				0F1D5C631FBABC93004C60C9 /* Main.storyboard in Resources */,
			);
			runOnlyForDeploymentPostprocessing = 0;
		};
		0F1D5C6E1FBABC93004C60C9 /* Resources */ = {
			isa = PBXResourcesBuildPhase;
			buildActionMask = 2147483647;
			files = (
			);
			runOnlyForDeploymentPostprocessing = 0;
		};
		0F1D5C791FBABC94004C60C9 /* Resources */ = {
			isa = PBXResourcesBuildPhase;
			buildActionMask = 2147483647;
			files = (
			);
			runOnlyForDeploymentPostprocessing = 0;
		};
/* End PBXResourcesBuildPhase section */

/* Begin PBXSourcesBuildPhase section */
		0F1D5C541FBABC93004C60C9 /* Sources */ = {
			isa = PBXSourcesBuildPhase;
			buildActionMask = 2147483647;
			files = (
				0FCD277B1FBAC207005F3A81 /* HBK_SliderTitleView.m in Sources */,
				0F1D5CB91FBABDE3004C60C9 /* UIView+Extension.m in Sources */,
				0F1D5CB01FBABDA9004C60C9 /* NSLayoutConstraint+MASDebugAdditions.m in Sources */,
				0F1D5CAE1FBABDA9004C60C9 /* MASViewConstraint.m in Sources */,
				0F1D5CA91FBABDA9004C60C9 /* MASCompositeConstraint.m in Sources */,
				0F1D5CAF1FBABDA9004C60C9 /* NSArray+MASAdditions.m in Sources */,
				0F1D5C601FBABC93004C60C9 /* ViewController.m in Sources */,
				0F1D5C6B1FBABC93004C60C9 /* main.m in Sources */,
				0F1D5CAC1FBABDA9004C60C9 /* MASLayoutConstraint.m in Sources */,
				0FCD27781FBAC0A2005F3A81 /* HBK_UserPageViewController.m in Sources */,
				0F1D5CB61FBABDC8004C60C9 /* HBK_NavigationBar.m in Sources */,
				0FCD27751FBAC03E005F3A81 /* HBK_ScrollView.m in Sources */,
				0F1D5C5D1FBABC93004C60C9 /* AppDelegate.m in Sources */,
				0F1D5CB21FBABDA9004C60C9 /* ViewController+MASAdditions.m in Sources */,
				0F1D5CB11FBABDA9004C60C9 /* View+MASAdditions.m in Sources */,
				0F1D5CAD1FBABDA9004C60C9 /* MASViewAttribute.m in Sources */,
				0F1D5CAA1FBABDA9004C60C9 /* MASConstraint.m in Sources */,
				0F1D5CAB1FBABDA9004C60C9 /* MASConstraintMaker.m in Sources */,
			);
			runOnlyForDeploymentPostprocessing = 0;
		};
		0F1D5C6C1FBABC93004C60C9 /* Sources */ = {
			isa = PBXSourcesBuildPhase;
			buildActionMask = 2147483647;
			files = (
				0F1D5C751FBABC94004C60C9 /* HBK_JianShuUserPageTests.m in Sources */,
			);
			runOnlyForDeploymentPostprocessing = 0;
		};
		0F1D5C771FBABC94004C60C9 /* Sources */ = {
			isa = PBXSourcesBuildPhase;
			buildActionMask = 2147483647;
			files = (
				0F1D5C801FBABC94004C60C9 /* HBK_JianShuUserPageUITests.m in Sources */,
			);
			runOnlyForDeploymentPostprocessing = 0;
		};
/* End PBXSourcesBuildPhase section */

/* Begin PBXTargetDependency section */
		0F1D5C721FBABC93004C60C9 /* PBXTargetDependency */ = {
			isa = PBXTargetDependency;
			target = 0F1D5C571FBABC93004C60C9 /* HBK_JianShuUserPage */;
			targetProxy = 0F1D5C711FBABC93004C60C9 /* PBXContainerItemProxy */;
		};
		0F1D5C7D1FBABC94004C60C9 /* PBXTargetDependency */ = {
			isa = PBXTargetDependency;
			target = 0F1D5C571FBABC93004C60C9 /* HBK_JianShuUserPage */;
			targetProxy = 0F1D5C7C1FBABC94004C60C9 /* PBXContainerItemProxy */;
		};
/* End PBXTargetDependency section */

/* Begin PBXVariantGroup section */
		0F1D5C611FBABC93004C60C9 /* Main.storyboard */ = {
			isa = PBXVariantGroup;
			children = (
				0F1D5C621FBABC93004C60C9 /* Base */,
			);
			name = Main.storyboard;
			sourceTree = "<group>";
		};
		0F1D5C661FBABC93004C60C9 /* LaunchScreen.storyboard */ = {
			isa = PBXVariantGroup;
			children = (
				0F1D5C671FBABC93004C60C9 /* Base */,
			);
			name = LaunchScreen.storyboard;
			sourceTree = "<group>";
		};
/* End PBXVariantGroup section */

/* Begin XCBuildConfiguration section */
		0F1D5C821FBABC94004C60C9 /* Debug */ = {
			isa = XCBuildConfiguration;
			buildSettings = {
				ALWAYS_SEARCH_USER_PATHS = NO;
				CLANG_ANALYZER_NONNULL = YES;
				CLANG_ANALYZER_NUMBER_OBJECT_CONVERSION = YES_AGGRESSIVE;
				CLANG_CXX_LANGUAGE_STANDARD = "gnu++14";
				CLANG_CXX_LIBRARY = "libc++";
				CLANG_ENABLE_MODULES = YES;
				CLANG_ENABLE_OBJC_ARC = YES;
				CLANG_WARN_BLOCK_CAPTURE_AUTORELEASING = YES;
				CLANG_WARN_BOOL_CONVERSION = YES;
				CLANG_WARN_COMMA = YES;
				CLANG_WARN_CONSTANT_CONVERSION = YES;
				CLANG_WARN_DIRECT_OBJC_ISA_USAGE = YES_ERROR;
				CLANG_WARN_DOCUMENTATION_COMMENTS = YES;
				CLANG_WARN_EMPTY_BODY = YES;
				CLANG_WARN_ENUM_CONVERSION = YES;
				CLANG_WARN_INFINITE_RECURSION = YES;
				CLANG_WARN_INT_CONVERSION = YES;
				CLANG_WARN_NON_LITERAL_NULL_CONVERSION = YES;
				CLANG_WARN_OBJC_LITERAL_CONVERSION = YES;
				CLANG_WARN_OBJC_ROOT_CLASS = YES_ERROR;
				CLANG_WARN_RANGE_LOOP_ANALYSIS = YES;
				CLANG_WARN_STRICT_PROTOTYPES = YES;
				CLANG_WARN_SUSPICIOUS_MOVE = YES;
				CLANG_WARN_UNGUARDED_AVAILABILITY = YES_AGGRESSIVE;
				CLANG_WARN_UNREACHABLE_CODE = YES;
				CLANG_WARN__DUPLICATE_METHOD_MATCH = YES;
				CODE_SIGN_IDENTITY = "iPhone Developer";
				COPY_PHASE_STRIP = NO;
				DEBUG_INFORMATION_FORMAT = dwarf;
				ENABLE_STRICT_OBJC_MSGSEND = YES;
				ENABLE_TESTABILITY = YES;
				GCC_C_LANGUAGE_STANDARD = gnu11;
				GCC_DYNAMIC_NO_PIC = NO;
				GCC_NO_COMMON_BLOCKS = YES;
				GCC_OPTIMIZATION_LEVEL = 0;
				GCC_PREPROCESSOR_DEFINITIONS = (
					"DEBUG=1",
					"$(inherited)",
				);
				GCC_WARN_64_TO_32_BIT_CONVERSION = YES;
				GCC_WARN_ABOUT_RETURN_TYPE = YES_ERROR;
				GCC_WARN_UNDECLARED_SELECTOR = YES;
				GCC_WARN_UNINITIALIZED_AUTOS = YES_AGGRESSIVE;
				GCC_WARN_UNUSED_FUNCTION = YES;
				GCC_WARN_UNUSED_VARIABLE = YES;
				IPHONEOS_DEPLOYMENT_TARGET = 11.1;
				MTL_ENABLE_DEBUG_INFO = YES;
				ONLY_ACTIVE_ARCH = YES;
				SDKROOT = iphoneos;
			};
			name = Debug;
		};
		0F1D5C831FBABC94004C60C9 /* Release */ = {
			isa = XCBuildConfiguration;
			buildSettings = {
				ALWAYS_SEARCH_USER_PATHS = NO;
				CLANG_ANALYZER_NONNULL = YES;
				CLANG_ANALYZER_NUMBER_OBJECT_CONVERSION = YES_AGGRESSIVE;
				CLANG_CXX_LANGUAGE_STANDARD = "gnu++14";
				CLANG_CXX_LIBRARY = "libc++";
				CLANG_ENABLE_MODULES = YES;
				CLANG_ENABLE_OBJC_ARC = YES;
				CLANG_WARN_BLOCK_CAPTURE_AUTORELEASING = YES;
				CLANG_WARN_BOOL_CONVERSION = YES;
				CLANG_WARN_COMMA = YES;
				CLANG_WARN_CONSTANT_CONVERSION = YES;
				CLANG_WARN_DIRECT_OBJC_ISA_USAGE = YES_ERROR;
				CLANG_WARN_DOCUMENTATION_COMMENTS = YES;
				CLANG_WARN_EMPTY_BODY = YES;
				CLANG_WARN_ENUM_CONVERSION = YES;
				CLANG_WARN_INFINITE_RECURSION = YES;
				CLANG_WARN_INT_CONVERSION = YES;
				CLANG_WARN_NON_LITERAL_NULL_CONVERSION = YES;
				CLANG_WARN_OBJC_LITERAL_CONVERSION = YES;
				CLANG_WARN_OBJC_ROOT_CLASS = YES_ERROR;
				CLANG_WARN_RANGE_LOOP_ANALYSIS = YES;
				CLANG_WARN_STRICT_PROTOTYPES = YES;
				CLANG_WARN_SUSPICIOUS_MOVE = YES;
				CLANG_WARN_UNGUARDED_AVAILABILITY = YES_AGGRESSIVE;
				CLANG_WARN_UNREACHABLE_CODE = YES;
				CLANG_WARN__DUPLICATE_METHOD_MATCH = YES;
				CODE_SIGN_IDENTITY = "iPhone Developer";
				COPY_PHASE_STRIP = NO;
				DEBUG_INFORMATION_FORMAT = "dwarf-with-dsym";
				ENABLE_NS_ASSERTIONS = NO;
				ENABLE_STRICT_OBJC_MSGSEND = YES;
				GCC_C_LANGUAGE_STANDARD = gnu11;
				GCC_NO_COMMON_BLOCKS = YES;
				GCC_WARN_64_TO_32_BIT_CONVERSION = YES;
				GCC_WARN_ABOUT_RETURN_TYPE = YES_ERROR;
				GCC_WARN_UNDECLARED_SELECTOR = YES;
				GCC_WARN_UNINITIALIZED_AUTOS = YES_AGGRESSIVE;
				GCC_WARN_UNUSED_FUNCTION = YES;
				GCC_WARN_UNUSED_VARIABLE = YES;
				IPHONEOS_DEPLOYMENT_TARGET = 11.1;
				MTL_ENABLE_DEBUG_INFO = NO;
				SDKROOT = iphoneos;
				VALIDATE_PRODUCT = YES;
			};
			name = Release;
		};
		0F1D5C851FBABC94004C60C9 /* Debug */ = {
			isa = XCBuildConfiguration;
			buildSettings = {
				ASSETCATALOG_COMPILER_APPICON_NAME = AppIcon;
				CODE_SIGN_STYLE = Automatic;
				DEVELOPMENT_TEAM = Q7FLGD52CU;
				GCC_PREFIX_HEADER = "$(SRCROOT)/HBK_JianShuUserPage/BaseClass/PrefixHeader.pch";
				INFOPLIST_FILE = HBK_JianShuUserPage/Info.plist;
				LD_RUNPATH_SEARCH_PATHS = "$(inherited) @executable_path/Frameworks";
				PRODUCT_BUNDLE_IDENTIFIER = "com.hbk.www.HBK-JianShuUserPage";
				PRODUCT_NAME = "$(TARGET_NAME)";
				TARGETED_DEVICE_FAMILY = 1;
			};
			name = Debug;
		};
		0F1D5C861FBABC94004C60C9 /* Release */ = {
			isa = XCBuildConfiguration;
			buildSettings = {
				ASSETCATALOG_COMPILER_APPICON_NAME = AppIcon;
				CODE_SIGN_STYLE = Automatic;
				DEVELOPMENT_TEAM = Q7FLGD52CU;
				GCC_PREFIX_HEADER = "$(SRCROOT)/HBK_JianShuUserPage/BaseClass/PrefixHeader.pch";
				INFOPLIST_FILE = HBK_JianShuUserPage/Info.plist;
				LD_RUNPATH_SEARCH_PATHS = "$(inherited) @executable_path/Frameworks";
				PRODUCT_BUNDLE_IDENTIFIER = "com.hbk.www.HBK-JianShuUserPage";
				PRODUCT_NAME = "$(TARGET_NAME)";
				TARGETED_DEVICE_FAMILY = 1;
			};
			name = Release;
		};
		0F1D5C881FBABC94004C60C9 /* Debug */ = {
			isa = XCBuildConfiguration;
			buildSettings = {
				BUNDLE_LOADER = "$(TEST_HOST)";
				CODE_SIGN_STYLE = Automatic;
				DEVELOPMENT_TEAM = Q7FLGD52CU;
				INFOPLIST_FILE = HBK_JianShuUserPageTests/Info.plist;
				LD_RUNPATH_SEARCH_PATHS = "$(inherited) @executable_path/Frameworks @loader_path/Frameworks";
				PRODUCT_BUNDLE_IDENTIFIER = "com.hbk.www.HBK-JianShuUserPageTests";
				PRODUCT_NAME = "$(TARGET_NAME)";
				TARGETED_DEVICE_FAMILY = "1,2";
				TEST_HOST = "$(BUILT_PRODUCTS_DIR)/HBK_JianShuUserPage.app/HBK_JianShuUserPage";
			};
			name = Debug;
		};
		0F1D5C891FBABC94004C60C9 /* Release */ = {
			isa = XCBuildConfiguration;
			buildSettings = {
				BUNDLE_LOADER = "$(TEST_HOST)";
				CODE_SIGN_STYLE = Automatic;
				DEVELOPMENT_TEAM = Q7FLGD52CU;
				INFOPLIST_FILE = HBK_JianShuUserPageTests/Info.plist;
				LD_RUNPATH_SEARCH_PATHS = "$(inherited) @executable_path/Frameworks @loader_path/Frameworks";
				PRODUCT_BUNDLE_IDENTIFIER = "com.hbk.www.HBK-JianShuUserPageTests";
				PRODUCT_NAME = "$(TARGET_NAME)";
				TARGETED_DEVICE_FAMILY = "1,2";
				TEST_HOST = "$(BUILT_PRODUCTS_DIR)/HBK_JianShuUserPage.app/HBK_JianShuUserPage";
			};
			name = Release;
		};
		0F1D5C8B1FBABC94004C60C9 /* Debug */ = {
			isa = XCBuildConfiguration;
			buildSettings = {
				CODE_SIGN_STYLE = Automatic;
				DEVELOPMENT_TEAM = Q7FLGD52CU;
				INFOPLIST_FILE = HBK_JianShuUserPageUITests/Info.plist;
				LD_RUNPATH_SEARCH_PATHS = "$(inherited) @executable_path/Frameworks @loader_path/Frameworks";
				PRODUCT_BUNDLE_IDENTIFIER = "com.hbk.www.HBK-JianShuUserPageUITests";
				PRODUCT_NAME = "$(TARGET_NAME)";
				TARGETED_DEVICE_FAMILY = "1,2";
				TEST_TARGET_NAME = HBK_JianShuUserPage;
			};
			name = Debug;
		};
		0F1D5C8C1FBABC94004C60C9 /* Release */ = {
			isa = XCBuildConfiguration;
			buildSettings = {
				CODE_SIGN_STYLE = Automatic;
				DEVELOPMENT_TEAM = Q7FLGD52CU;
				INFOPLIST_FILE = HBK_JianShuUserPageUITests/Info.plist;
				LD_RUNPATH_SEARCH_PATHS = "$(inherited) @executable_path/Frameworks @loader_path/Frameworks";
				PRODUCT_BUNDLE_IDENTIFIER = "com.hbk.www.HBK-JianShuUserPageUITests";
				PRODUCT_NAME = "$(TARGET_NAME)";
				TARGETED_DEVICE_FAMILY = "1,2";
				TEST_TARGET_NAME = HBK_JianShuUserPage;
			};
			name = Release;
		};
/* End XCBuildConfiguration section */

/* Begin XCConfigurationList section */
		0F1D5C531FBABC93004C60C9 /* Build configuration list for PBXProject "HBK_JianShuUserPage" */ = {
			isa = XCConfigurationList;
			buildConfigurations = (
				0F1D5C821FBABC94004C60C9 /* Debug */,
				0F1D5C831FBABC94004C60C9 /* Release */,
			);
			defaultConfigurationIsVisible = 0;
			defaultConfigurationName = Release;
		};
		0F1D5C841FBABC94004C60C9 /* Build configuration list for PBXNativeTarget "HBK_JianShuUserPage" */ = {
			isa = XCConfigurationList;
			buildConfigurations = (
				0F1D5C851FBABC94004C60C9 /* Debug */,
				0F1D5C861FBABC94004C60C9 /* Release */,
			);
			defaultConfigurationIsVisible = 0;
			defaultConfigurationName = Release;
		};
		0F1D5C871FBABC94004C60C9 /* Build configuration list for PBXNativeTarget "HBK_JianShuUserPageTests" */ = {
			isa = XCConfigurationList;
			buildConfigurations = (
				0F1D5C881FBABC94004C60C9 /* Debug */,
				0F1D5C891FBABC94004C60C9 /* Release */,
			);
			defaultConfigurationIsVisible = 0;
			defaultConfigurationName = Release;
		};
		0F1D5C8A1FBABC94004C60C9 /* Build configuration list for PBXNativeTarget "HBK_JianShuUserPageUITests" */ = {
			isa = XCConfigurationList;
			buildConfigurations = (
				0F1D5C8B1FBABC94004C60C9 /* Debug */,
				0F1D5C8C1FBABC94004C60C9 /* Release */,
			);
			defaultConfigurationIsVisible = 0;
			defaultConfigurationName = Release;
		};
/* End XCConfigurationList section */
	};
	rootObject = 0F1D5C501FBABC93004C60C9 /* Project object */;
}
